
Microsoft Visual Studio Solution File, Format Version 12.00
# Visual Studio Version 17
VisualStudioVersion = 17.2.32526.322
MinimumVisualStudioVersion = 10.0.40219.1
Project("{FAE04EC0-301F-11D3-BF4B-00C04F79EFBC}") = "ArrayListClass", "ArrayListClass\ArrayListClass.csproj", "{F3E7002D-AE46-4948-AF69-D2F4B69F2E2B}"
EndProject
Global
	GlobalSection(SolutionConfigurationPlatforms) = preSolution
		Debug|Any CPU = Debug|Any CPU
		Release|Any CPU = Release|Any CPU
	EndGlobalSection
	GlobalSection(ProjectConfigurationPlatforms) = postSolution
		{F3E7002D-AE46-4948-AF69-D2F4B69F2E2B}.Debug|Any CPU.ActiveCfg = Debug|Any CPU
		{F3E7002D-AE46-4948-AF69-D2F4B69F2E2B}.Debug|Any CPU.Build.0 = Debug|Any CPU
		{F3E7002D-AE46-4948-AF69-D2F4B69F2E2B}.Release|Any CPU.ActiveCfg = Release|Any CPU
		{F3E7002D-AE46-4948-AF69-D2F4B69F2E2B}.Release|Any CPU.Build.0 = Release|Any CPU
	EndGlobalSection
	GlobalSection(SolutionProperties) = preSolution
		HideSolutionNode = FALSE
	EndGlobalSection
	GlobalSection(ExtensibilityGlobals) = postSolution
		SolutionGuid = {335D56E0-C46B-4AEF-9373-BF9C45C1C7EC}
	EndGlobalSection
EndGlobal
